
Microsoft Visual Studio Solution File, Format Version 12.00
# Visual Studio 15
VisualStudioVersion = 15.0.28307.106
MinimumVisualStudioVersion = 10.0.40219.1
Project("{FAE04EC0-301F-11D3-BF4B-00C04F79EFBC}") = "WindowsFormsApp1", "WindowsFormsApp1\WindowsFormsApp1.csproj", "{60774EF3-E211-43EC-8F73-43C7BBE48AFA}"
EndProject
Global
	GlobalSection(SolutionConfigurationPlatforms) = preSolution
		Debug|Any CPU = Debug|Any CPU
		Release|Any CPU = Release|Any CPU
	EndGlobalSection
	GlobalSection(ProjectConfigurationPlatforms) = postSolution
		{60774EF3-E211-43EC-8F73-43C7BBE48AFA}.Debug|Any CPU.ActiveCfg = Debug|Any CPU
		{60774EF3-E211-43EC-8F73-43C7BBE48AFA}.Debug|Any CPU.Build.0 = Debug|Any CPU
		{60774EF3-E211-43EC-8F73-43C7BBE48AFA}.Release|Any CPU.ActiveCfg = Release|Any CPU
		{60774EF3-E211-43EC-8F73-43C7BBE48AFA}.Release|Any CPU.Build.0 = Release|Any CPU
	EndGlobalSection
	GlobalSection(SolutionProperties) = preSolution
		HideSolutionNode = FALSE
	EndGlobalSection
	GlobalSection(ExtensibilityGlobals) = postSolution
		SolutionGuid = {E08562A6-030F-47AF-8EE7-E9452CBBBA30}
	EndGlobalSection
EndGlobal
